// !$*UTF8*$!
{
	archiveVersion = 1;
	classes = {
	};
	objectVersion = 46;
	objects = {

/* Begin PBXBuildFile section */
		B3AAFE9F1F45775700FE101F /* main.m in Sources */ = {isa = PBXBuildFile; fileRef = B3AAFE9E1F45775700FE101F /* main.m */; };
		B3AAFEA21F45775700FE101F /* AppDelegate.m in Sources */ = {isa = PBXBuildFile; fileRef = B3AAFEA11F45775700FE101F /* AppDelegate.m */; };
		B3AAFEA51F45775700FE101F /* ViewController.m in Sources */ = {isa = PBXBuildFile; fileRef = B3AAFEA41F45775700FE101F /* ViewController.m */; };
		B3AAFEA81F45775700FE101F /* Main.storyboard in Resources */ = {isa = PBXBuildFile; fileRef = B3AAFEA61F45775700FE101F /* Main.storyboard */; };
		B3AAFEAA1F45775800FE101F /* Assets.xcassets in Resources */ = {isa = PBXBuildFile; fileRef = B3AAFEA91F45775800FE101F /* Assets.xcassets */; };
		B3AAFEAD1F45775800FE101F /* LaunchScreen.storyboard in Resources */ = {isa = PBXBuildFile; fileRef = B3AAFEAB1F45775800FE101F /* LaunchScreen.storyboard */; };
		B3AAFEB81F45775800FE101F /* QRCodeTests.m in Sources */ = {isa = PBXBuildFile; fileRef = B3AAFEB71F45775800FE101F /* QRCodeTests.m */; };
		B3AAFEC31F45775800FE101F /* QRCodeUITests.m in Sources */ = {isa = PBXBuildFile; fileRef = B3AAFEC21F45775800FE101F /* QRCodeUITests.m */; };
		B3AAFED11F4577BC00FE101F /* AVFoundation.framework in Frameworks */ = {isa = PBXBuildFile; fileRef = B3AAFED01F4577BC00FE101F /* AVFoundation.framework */; };
/* End PBXBuildFile section */

/* Begin PBXContainerItemProxy section */
		B3AAFEB41F45775800FE101F /* PBXContainerItemProxy */ = {
			isa = PBXContainerItemProxy;
			containerPortal = B3AAFE921F45775600FE101F /* Project object */;
			proxyType = 1;
			remoteGlobalIDString = B3AAFE991F45775700FE101F;
			remoteInfo = QRCode;
		};
		B3AAFEBF1F45775800FE101F /* PBXContainerItemProxy */ = {
			isa = PBXContainerItemProxy;
			containerPortal = B3AAFE921F45775600FE101F /* Project object */;
			proxyType = 1;
			remoteGlobalIDString = B3AAFE991F45775700FE101F;
			remoteInfo = QRCode;
		};
/* End PBXContainerItemProxy section */

/* Begin PBXFileReference section */
		B3AAFE9A1F45775700FE101F /* QRCode.app */ = {isa = PBXFileReference; explicitFileType = wrapper.application; includeInIndex = 0; path = QRCode.app; sourceTree = BUILT_PRODUCTS_DIR; };
		B3AAFE9E1F45775700FE101F /* main.m */ = {isa = PBXFileReference; lastKnownFileType = sourcecode.c.objc; path = main.m; sourceTree = "<group>"; };
		B3AAFEA01F45775700FE101F /* AppDelegate.h */ = {isa = PBXFileReference; lastKnownFileType = sourcecode.c.h; path = AppDelegate.h; sourceTree = "<group>"; };
		B3AAFEA11F45775700FE101F /* AppDelegate.m */ = {isa = PBXFileReference; lastKnownFileType = sourcecode.c.objc; path = AppDelegate.m; sourceTree = "<group>"; };
		B3AAFEA31F45775700FE101F /* ViewController.h */ = {isa = PBXFileReference; lastKnownFileType = sourcecode.c.h; path = ViewController.h; sourceTree = "<group>"; };
		B3AAFEA41F45775700FE101F /* ViewController.m */ = {isa = PBXFileReference; lastKnownFileType = sourcecode.c.objc; path = ViewController.m; sourceTree = "<group>"; };
		B3AAFEA71F45775700FE101F /* Base */ = {isa = PBXFileReference; lastKnownFileType = file.storyboard; name = Base; path = Base.lproj/Main.storyboard; sourceTree = "<group>"; };
		B3AAFEA91F45775800FE101F /* Assets.xcassets */ = {isa = PBXFileReference; lastKnownFileType = folder.assetcatalog; path = Assets.xcassets; sourceTree = "<group>"; };
		B3AAFEAC1F45775800FE101F /* Base */ = {isa = PBXFileReference; lastKnownFileType = file.storyboard; name = Base; path = Base.lproj/LaunchScreen.storyboard; sourceTree = "<group>"; };
		B3AAFEAE1F45775800FE101F /* Info.plist */ = {isa = PBXFileReference; lastKnownFileType = text.plist.xml; path = Info.plist; sourceTree = "<group>"; };
		B3AAFEB31F45775800FE101F /* QRCodeTests.xctest */ = {isa = PBXFileReference; explicitFileType = wrapper.cfbundle; includeInIndex = 0; path = QRCodeTests.xctest; sourceTree = BUILT_PRODUCTS_DIR; };
		B3AAFEB71F45775800FE101F /* QRCodeTests.m */ = {isa = PBXFileReference; lastKnownFileType = sourcecode.c.objc; path = QRCodeTests.m; sourceTree = "<group>"; };
		B3AAFEB91F45775800FE101F /* Info.plist */ = {isa = PBXFileReference; lastKnownFileType = text.plist.xml; path = Info.plist; sourceTree = "<group>"; };
		B3AAFEBE1F45775800FE101F /* QRCodeUITests.xctest */ = {isa = PBXFileReference; explicitFileType = wrapper.cfbundle; includeInIndex = 0; path = QRCodeUITests.xctest; sourceTree = BUILT_PRODUCTS_DIR; };
		B3AAFEC21F45775800FE101F /* QRCodeUITests.m */ = {isa = PBXFileReference; lastKnownFileType = sourcecode.c.objc; path = QRCodeUITests.m; sourceTree = "<group>"; };
		B3AAFEC41F45775800FE101F /* Info.plist */ = {isa = PBXFileReference; lastKnownFileType = text.plist.xml; path = Info.plist; sourceTree = "<group>"; };
		B3AAFED01F4577BC00FE101F /* AVFoundation.framework */ = {isa = PBXFileReference; lastKnownFileType = wrapper.framework; name = AVFoundation.framework; path = System/Library/Frameworks/AVFoundation.framework; sourceTree = SDKROOT; };
/* End PBXFileReference section */

/* Begin PBXFrameworksBuildPhase section */
		B3AAFE971F45775700FE101F /* Frameworks */ = {
			isa = PBXFrameworksBuildPhase;
			buildActionMask = 2147483647;
			files = (
				B3AAFED11F4577BC00FE101F /* AVFoundation.framework in Frameworks */,
			);
			runOnlyForDeploymentPostprocessing = 0;
		};
		B3AAFEB01F45775800FE101F /* Frameworks */ = {
			isa = PBXFrameworksBuildPhase;
			buildActionMask = 2147483647;
			files = (
			);
			runOnlyForDeploymentPostprocessing = 0;
		};
		B3AAFEBB1F45775800FE101F /* Frameworks */ = {
			isa = PBXFrameworksBuildPhase;
			buildActionMask = 2147483647;
			files = (
			);
			runOnlyForDeploymentPostprocessing = 0;
		};
/* End PBXFrameworksBuildPhase section */

/* Begin PBXGroup section */
		B3AAFE911F45775600FE101F = {
			isa = PBXGroup;
			children = (
				B3AAFED01F4577BC00FE101F /* AVFoundation.framework */,
				B3AAFE9C1F45775700FE101F /* QRCode */,
				B3AAFEB61F45775800FE101F /* QRCodeTests */,
				B3AAFEC11F45775800FE101F /* QRCodeUITests */,
				B3AAFE9B1F45775700FE101F /* Products */,
			);
			sourceTree = "<group>";
		};
		B3AAFE9B1F45775700FE101F /* Products */ = {
			isa = PBXGroup;
			children = (
				B3AAFE9A1F45775700FE101F /* QRCode.app */,
				B3AAFEB31F45775800FE101F /* QRCodeTests.xctest */,
				B3AAFEBE1F45775800FE101F /* QRCodeUITests.xctest */,
			);
			name = Products;
			sourceTree = "<group>";
		};
		B3AAFE9C1F45775700FE101F /* QRCode */ = {
			isa = PBXGroup;
			children = (
				B3AAFEA01F45775700FE101F /* AppDelegate.h */,
				B3AAFEA11F45775700FE101F /* AppDelegate.m */,
				B3AAFEA31F45775700FE101F /* ViewController.h */,
				B3AAFEA41F45775700FE101F /* ViewController.m */,
				B3AAFEA61F45775700FE101F /* Main.storyboard */,
				B3AAFEA91F45775800FE101F /* Assets.xcassets */,
				B3AAFEAB1F45775800FE101F /* LaunchScreen.storyboard */,
				B3AAFEAE1F45775800FE101F /* Info.plist */,
				B3AAFE9D1F45775700FE101F /* Supporting Files */,
			);
			path = QRCode;
			sourceTree = "<group>";
		};
		B3AAFE9D1F45775700FE101F /* Supporting Files */ = {
			isa = PBXGroup;
			children = (
				B3AAFE9E1F45775700FE101F /* main.m */,
			);
			name = "Supporting Files";
			sourceTree = "<group>";
		};
		B3AAFEB61F45775800FE101F /* QRCodeTests */ = {
			isa = PBXGroup;
			children = (
				B3AAFEB71F45775800FE101F /* QRCodeTests.m */,
				B3AAFEB91F45775800FE101F /* Info.plist */,
			);
			path = QRCodeTests;
			sourceTree = "<group>";
		};
		B3AAFEC11F45775800FE101F /* QRCodeUITests */ = {
			isa = PBXGroup;
			children = (
				B3AAFEC21F45775800FE101F /* QRCodeUITests.m */,
				B3AAFEC41F45775800FE101F /* Info.plist */,
			);
			path = QRCodeUITests;
			sourceTree = "<group>";
		};
/* End PBXGroup section */

/* Begin PBXNativeTarget section */
		B3AAFE991F45775700FE101F /* QRCode */ = {
			isa = PBXNativeTarget;
			buildConfigurationList = B3AAFEC71F45775800FE101F /* Build configuration list for PBXNativeTarget "QRCode" */;
			buildPhases = (
				B3AAFE961F45775700FE101F /* Sources */,
				B3AAFE971F45775700FE101F /* Frameworks */,
				B3AAFE981F45775700FE101F /* Resources */,
			);
			buildRules = (
			);
			dependencies = (
			);
			name = QRCode;
			productName = QRCode;
			productReference = B3AAFE9A1F45775700FE101F /* QRCode.app */;
			productType = "com.apple.product-type.application";
		};
		B3AAFEB21F45775800FE101F /* QRCodeTests */ = {
			isa = PBXNativeTarget;
			buildConfigurationList = B3AAFECA1F45775800FE101F /* Build configuration list for PBXNativeTarget "QRCodeTests" */;
			buildPhases = (
				B3AAFEAF1F45775800FE101F /* Sources */,
				B3AAFEB01F45775800FE101F /* Frameworks */,
				B3AAFEB11F45775800FE101F /* Resources */,
			);
			buildRules = (
			);
			dependencies = (
				B3AAFEB51F45775800FE101F /* PBXTargetDependency */,
			);
			name = QRCodeTests;
			productName = QRCodeTests;
			productReference = B3AAFEB31F45775800FE101F /* QRCodeTests.xctest */;
			productType = "com.apple.product-type.bundle.unit-test";
		};
		B3AAFEBD1F45775800FE101F /* QRCodeUITests */ = {
			isa = PBXNativeTarget;
			buildConfigurationList = B3AAFECD1F45775800FE101F /* Build configuration list for PBXNativeTarget "QRCodeUITests" */;
			buildPhases = (
				B3AAFEBA1F45775800FE101F /* Sources */,
				B3AAFEBB1F45775800FE101F /* Frameworks */,
				B3AAFEBC1F45775800FE101F /* Resources */,
			);
			buildRules = (
			);
			dependencies = (
				B3AAFEC01F45775800FE101F /* PBXTargetDependency */,
			);
			name = QRCodeUITests;
			productName = QRCodeUITests;
			productReference = B3AAFEBE1F45775800FE101F /* QRCodeUITests.xctest */;
			productType = "com.apple.product-type.bundle.ui-testing";
		};
/* End PBXNativeTarget section */

/* Begin PBXProject section */
		B3AAFE921F45775600FE101F /* Project object */ = {
			isa = PBXProject;
			attributes = {
				LastUpgradeCheck = 0730;
				ORGANIZATIONNAME = huashen;
				TargetAttributes = {
					B3AAFE991F45775700FE101F = {
						CreatedOnToolsVersion = 7.3;
						DevelopmentTeam = ZMDN49V7FX;
					};
					B3AAFEB21F45775800FE101F = {
						CreatedOnToolsVersion = 7.3;
						TestTargetID = B3AAFE991F45775700FE101F;
					};
					B3AAFEBD1F45775800FE101F = {
						CreatedOnToolsVersion = 7.3;
						TestTargetID = B3AAFE991F45775700FE101F;
					};
				};
			};
			buildConfigurationList = B3AAFE951F45775600FE101F /* Build configuration list for PBXProject "QRCode" */;
			compatibilityVersion = "Xcode 3.2";
			developmentRegion = English;
			hasScannedForEncodings = 0;
			knownRegions = (
				en,
				Base,
			);
			mainGroup = B3AAFE911F45775600FE101F;
			productRefGroup = B3AAFE9B1F45775700FE101F /* Products */;
			projectDirPath = "";
			projectRoot = "";
			targets = (
				B3AAFE991F45775700FE101F /* QRCode */,
				B3AAFEB21F45775800FE101F /* QRCodeTests */,
				B3AAFEBD1F45775800FE101F /* QRCodeUITests */,
			);
		};
/* End PBXProject section */

/* Begin PBXResourcesBuildPhase section */
		B3AAFE981F45775700FE101F /* Resources */ = {
			isa = PBXResourcesBuildPhase;
			buildActionMask = 2147483647;
			files = (
				B3AAFEAD1F45775800FE101F /* LaunchScreen.storyboard in Resources */,
				B3AAFEAA1F45775800FE101F /* Assets.xcassets in Resources */,
				B3AAFEA81F45775700FE101F /* Main.storyboard in Resources */,
			);
			runOnlyForDeploymentPostprocessing = 0;
		};
		B3AAFEB11F45775800FE101F /* Resources */ = {
			isa = PBXResourcesBuildPhase;
			buildActionMask = 2147483647;
			files = (
			);
			runOnlyForDeploymentPostprocessing = 0;
		};
		B3AAFEBC1F45775800FE101F /* Resources */ = {
			isa = PBXResourcesBuildPhase;
			buildActionMask = 2147483647;
			files = (
			);
			runOnlyForDeploymentPostprocessing = 0;
		};
/* End PBXResourcesBuildPhase section */

/* Begin PBXSourcesBuildPhase section */
		B3AAFE961F45775700FE101F /* Sources */ = {
			isa = PBXSourcesBuildPhase;
			buildActionMask = 2147483647;
			files = (
				B3AAFEA51F45775700FE101F /* ViewController.m in Sources */,
				B3AAFEA21F45775700FE101F /* AppDelegate.m in Sources */,
				B3AAFE9F1F45775700FE101F /* main.m in Sources */,
			);
			runOnlyForDeploymentPostprocessing = 0;
		};
		B3AAFEAF1F45775800FE101F /* Sources */ = {
			isa = PBXSourcesBuildPhase;
			buildActionMask = 2147483647;
			files = (
				B3AAFEB81F45775800FE101F /* QRCodeTests.m in Sources */,
			);
			runOnlyForDeploymentPostprocessing = 0;
		};
		B3AAFEBA1F45775800FE101F /* Sources */ = {
			isa = PBXSourcesBuildPhase;
			buildActionMask = 2147483647;
			files = (
				B3AAFEC31F45775800FE101F /* QRCodeUITests.m in Sources */,
			);
			runOnlyForDeploymentPostprocessing = 0;
		};
/* End PBXSourcesBuildPhase section */

/* Begin PBXTargetDependency section */
		B3AAFEB51F45775800FE101F /* PBXTargetDependency */ = {
			isa = PBXTargetDependency;
			target = B3AAFE991F45775700FE101F /* QRCode */;
			targetProxy = B3AAFEB41F45775800FE101F /* PBXContainerItemProxy */;
		};
		B3AAFEC01F45775800FE101F /* PBXTargetDependency */ = {
			isa = PBXTargetDependency;
			target = B3AAFE991F45775700FE101F /* QRCode */;
			targetProxy = B3AAFEBF1F45775800FE101F /* PBXContainerItemProxy */;
		};
/* End PBXTargetDependency section */

/* Begin PBXVariantGroup section */
		B3AAFEA61F45775700FE101F /* Main.storyboard */ = {
			isa = PBXVariantGroup;
			children = (
				B3AAFEA71F45775700FE101F /* Base */,
			);
			name = Main.storyboard;
			sourceTree = "<group>";
		};
		B3AAFEAB1F45775800FE101F /* LaunchScreen.storyboard */ = {
			isa = PBXVariantGroup;
			children = (
				B3AAFEAC1F45775800FE101F /* Base */,
			);
			name = LaunchScreen.storyboard;
			sourceTree = "<group>";
		};
/* End PBXVariantGroup section */

/* Begin XCBuildConfiguration section */
		B3AAFEC51F45775800FE101F /* Debug */ = {
			isa = XCBuildConfiguration;
			buildSettings = {
				ALWAYS_SEARCH_USER_PATHS = NO;
				CLANG_ANALYZER_NONNULL = YES;
				CLANG_CXX_LANGUAGE_STANDARD = "gnu++0x";
				CLANG_CXX_LIBRARY = "libc++";
				CLANG_ENABLE_MODULES = YES;
				CLANG_ENABLE_OBJC_ARC = YES;
				CLANG_WARN_BOOL_CONVERSION = YES;
				CLANG_WARN_CONSTANT_CONVERSION = YES;
				CLANG_WARN_DIRECT_OBJC_ISA_USAGE = YES_ERROR;
				CLANG_WARN_EMPTY_BODY = YES;
				CLANG_WARN_ENUM_CONVERSION = YES;
				CLANG_WARN_INT_CONVERSION = YES;
				CLANG_WARN_OBJC_ROOT_CLASS = YES_ERROR;
				CLANG_WARN_UNREACHABLE_CODE = YES;
				CLANG_WARN__DUPLICATE_METHOD_MATCH = YES;
				"CODE_SIGN_IDENTITY[sdk=iphoneos*]" = "iPhone Developer";
				COPY_PHASE_STRIP = NO;
				DEBUG_INFORMATION_FORMAT = dwarf;
				ENABLE_STRICT_OBJC_MSGSEND = YES;
				ENABLE_TESTABILITY = YES;
				GCC_C_LANGUAGE_STANDARD = gnu99;
				GCC_DYNAMIC_NO_PIC = NO;
				GCC_NO_COMMON_BLOCKS = YES;
				GCC_OPTIMIZATION_LEVEL = 0;
				GCC_PREPROCESSOR_DEFINITIONS = (
					"DEBUG=1",
					"$(inherited)",
				);
				GCC_WARN_64_TO_32_BIT_CONVERSION = YES;
				GCC_WARN_ABOUT_RETURN_TYPE = YES_ERROR;
				GCC_WARN_UNDECLARED_SELECTOR = YES;
				GCC_WARN_UNINITIALIZED_AUTOS = YES_AGGRESSIVE;
				GCC_WARN_UNUSED_FUNCTION = YES;
				GCC_WARN_UNUSED_VARIABLE = YES;
				IPHONEOS_DEPLOYMENT_TARGET = 9.3;
				MTL_ENABLE_DEBUG_INFO = YES;
				ONLY_ACTIVE_ARCH = YES;
				SDKROOT = iphoneos;
				TARGETED_DEVICE_FAMILY = "1,2";
			};
			name = Debug;
		};
		B3AAFEC61F45775800FE101F /* Release */ = {
			isa = XCBuildConfiguration;
			buildSettings = {
				ALWAYS_SEARCH_USER_PATHS = NO;
				CLANG_ANALYZER_NONNULL = YES;
				CLANG_CXX_LANGUAGE_STANDARD = "gnu++0x";
				CLANG_CXX_LIBRARY = "libc++";
				CLANG_ENABLE_MODULES = YES;
				CLANG_ENABLE_OBJC_ARC = YES;
				CLANG_WARN_BOOL_CONVERSION = YES;
				CLANG_WARN_CONSTANT_CONVERSION = YES;
				CLANG_WARN_DIRECT_OBJC_ISA_USAGE = YES_ERROR;
				CLANG_WARN_EMPTY_BODY = YES;
				CLANG_WARN_ENUM_CONVERSION = YES;
				CLANG_WARN_INT_CONVERSION = YES;
				CLANG_WARN_OBJC_ROOT_CLASS = YES_ERROR;
				CLANG_WARN_UNREACHABLE_CODE = YES;
				CLANG_WARN__DUPLICATE_METHOD_MATCH = YES;
				"CODE_SIGN_IDENTITY[sdk=iphoneos*]" = "iPhone Developer";
				COPY_PHASE_STRIP = NO;
				DEBUG_INFORMATION_FORMAT = "dwarf-with-dsym";
				ENABLE_NS_ASSERTIONS = NO;
				ENABLE_STRICT_OBJC_MSGSEND = YES;
				GCC_C_LANGUAGE_STANDARD = gnu99;
				GCC_NO_COMMON_BLOCKS = YES;
				GCC_WARN_64_TO_32_BIT_CONVERSION = YES;
				GCC_WARN_ABOUT_RETURN_TYPE = YES_ERROR;
				GCC_WARN_UNDECLARED_SELECTOR = YES;
				GCC_WARN_UNINITIALIZED_AUTOS = YES_AGGRESSIVE;
				GCC_WARN_UNUSED_FUNCTION = YES;
				GCC_WARN_UNUSED_VARIABLE = YES;
				IPHONEOS_DEPLOYMENT_TARGET = 9.3;
				MTL_ENABLE_DEBUG_INFO = NO;
				SDKROOT = iphoneos;
				TARGETED_DEVICE_FAMILY = "1,2";
				VALIDATE_PRODUCT = YES;
			};
			name = Release;
		};
		B3AAFEC81F45775800FE101F /* Debug */ = {
			isa = XCBuildConfiguration;
			buildSettings = {
				ASSETCATALOG_COMPILER_APPICON_NAME = AppIcon;
				CODE_SIGN_IDENTITY = "iPhone Developer";
				"CODE_SIGN_IDENTITY[sdk=iphoneos*]" = "iPhone Developer";
				INFOPLIST_FILE = QRCode/Info.plist;
				IPHONEOS_DEPLOYMENT_TARGET = 9.0;
				LD_RUNPATH_SEARCH_PATHS = "$(inherited) @executable_path/Frameworks";
				PRODUCT_BUNDLE_IDENTIFIER = lemon.com.QRtest.QRCode;
				PRODUCT_NAME = "$(TARGET_NAME)";
				PROVISIONING_PROFILE = "";
			};
			name = Debug;
		};
		B3AAFEC91F45775800FE101F /* Release */ = {
			isa = XCBuildConfiguration;
			buildSettings = {
				ASSETCATALOG_COMPILER_APPICON_NAME = AppIcon;
				CODE_SIGN_IDENTITY = "iPhone Developer";
				"CODE_SIGN_IDENTITY[sdk=iphoneos*]" = "iPhone Developer";
				INFOPLIST_FILE = QRCode/Info.plist;
				IPHONEOS_DEPLOYMENT_TARGET = 9.0;
				LD_RUNPATH_SEARCH_PATHS = "$(inherited) @executable_path/Frameworks";
				PRODUCT_BUNDLE_IDENTIFIER = lemon.com.QRtest.QRCode;
				PRODUCT_NAME = "$(TARGET_NAME)";
				PROVISIONING_PROFILE = "";
			};
			name = Release;
		};
		B3AAFECB1F45775800FE101F /* Debug */ = {
			isa = XCBuildConfiguration;
			buildSettings = {
				BUNDLE_LOADER = "$(TEST_HOST)";
				INFOPLIST_FILE = QRCodeTests/Info.plist;
				LD_RUNPATH_SEARCH_PATHS = "$(inherited) @executable_path/Frameworks @loader_path/Frameworks";
				PRODUCT_BUNDLE_IDENTIFIER = lemon.com.QRtest.QRCodeTests;
				PRODUCT_NAME = "$(TARGET_NAME)";
				TEST_HOST = "$(BUILT_PRODUCTS_DIR)/QRCode.app/QRCode";
			};
			name = Debug;
		};
		B3AAFECC1F45775800FE101F /* Release */ = {
			isa = XCBuildConfiguration;
			buildSettings = {
				BUNDLE_LOADER = "$(TEST_HOST)";
				INFOPLIST_FILE = QRCodeTests/Info.plist;
				LD_RUNPATH_SEARCH_PATHS = "$(inherited) @executable_path/Frameworks @loader_path/Frameworks";
				PRODUCT_BUNDLE_IDENTIFIER = lemon.com.QRtest.QRCodeTests;
				PRODUCT_NAME = "$(TARGET_NAME)";
				TEST_HOST = "$(BUILT_PRODUCTS_DIR)/QRCode.app/QRCode";
			};
			name = Release;
		};
		B3AAFECE1F45775800FE101F /* Debug */ = {
			isa = XCBuildConfiguration;
			buildSettings = {
				INFOPLIST_FILE = QRCodeUITests/Info.plist;
				LD_RUNPATH_SEARCH_PATHS = "$(inherited) @executable_path/Frameworks @loader_path/Frameworks";
				PRODUCT_BUNDLE_IDENTIFIER = lemon.com.QRtest.QRCodeUITests;
				PRODUCT_NAME = "$(TARGET_NAME)";
				TEST_TARGET_NAME = QRCode;
			};
			name = Debug;
		};
		B3AAFECF1F45775800FE101F /* Release */ = {
			isa = XCBuildConfiguration;
			buildSettings = {
				INFOPLIST_FILE = QRCodeUITests/Info.plist;
				LD_RUNPATH_SEARCH_PATHS = "$(inherited) @executable_path/Frameworks @loader_path/Frameworks";
				PRODUCT_BUNDLE_IDENTIFIER = lemon.com.QRtest.QRCodeUITests;
				PRODUCT_NAME = "$(TARGET_NAME)";
				TEST_TARGET_NAME = QRCode;
			};
			name = Release;
		};
/* End XCBuildConfiguration section */

/* Begin XCConfigurationList section */
		B3AAFE951F45775600FE101F /* Build configuration list for PBXProject "QRCode" */ = {
			isa = XCConfigurationList;
			buildConfigurations = (
				B3AAFEC51F45775800FE101F /* Debug */,
				B3AAFEC61F45775800FE101F /* Release */,
			);
			defaultConfigurationIsVisible = 0;
			defaultConfigurationName = Release;
		};
		B3AAFEC71F45775800FE101F /* Build configuration list for PBXNativeTarget "QRCode" */ = {
			isa = XCConfigurationList;
			buildConfigurations = (
				B3AAFEC81F45775800FE101F /* Debug */,
				B3AAFEC91F45775800FE101F /* Release */,
			);
			defaultConfigurationIsVisible = 0;
		};
		B3AAFECA1F45775800FE101F /* Build configuration list for PBXNativeTarget "QRCodeTests" */ = {
			isa = XCConfigurationList;
			buildConfigurations = (
				B3AAFECB1F45775800FE101F /* Debug */,
				B3AAFECC1F45775800FE101F /* Release */,
			);
			defaultConfigurationIsVisible = 0;
		};
		B3AAFECD1F45775800FE101F /* Build configuration list for PBXNativeTarget "QRCodeUITests" */ = {
			isa = XCConfigurationList;
			buildConfigurations = (
				B3AAFECE1F45775800FE101F /* Debug */,
				B3AAFECF1F45775800FE101F /* Release */,
			);
			defaultConfigurationIsVisible = 0;
		};
/* End XCConfigurationList section */
	};
	rootObject = B3AAFE921F45775600FE101F /* Project object */;
}
